
Microsoft Visual Studio Solution File, Format Version 12.00
# Visual Studio Version 17
VisualStudioVersion = 17.8.34511.84
MinimumVisualStudioVersion = 10.0.40219.1
Project("{9A19103F-16F7-4668-BE54-9A1E7A4F7556}") = "ProgrammingInCSharp0502.MyWindowsformApp", "ProgrammingInCSharp0502.MyWindowsformApp\ProgrammingInCSharp0502.MyWindowsformApp.csproj", "{27EB736E-A13A-4436-8F4F-CE0ADC16FF4D}"
EndProject
Project("{2150E333-8FDC-42A3-9474-1A3956D46DE8}") = "src", "src", "{F83418D7-867E-4F34-8831-A1B4DFB1FE54}"
EndProject
Project("{2150E333-8FDC-42A3-9474-1A3956D46DE8}") = "docs", "docs", "{43A36766-4F50-4D80-B917-BD0A6A201F30}"
	ProjectSection(SolutionItems) = preProject
		DomainSpecification.txt = DomainSpecification.txt
		..\..\..\Desktop\Ntier.PNG = ..\..\..\Desktop\Ntier.PNG
	EndProjectSection
EndProject
Project("{FAE04EC0-301F-11D3-BF4B-00C04F79EFBC}") = "ProgrammingInCSharp0502.MyAPIApp", "ProgrammingInCSharp0502.MyAPIApp\ProgrammingInCSharp0502.MyAPIApp.csproj", "{81CCD07C-CFFB-47C4-A37F-BC812D987E94}"
EndProject
Project("{2150E333-8FDC-42A3-9474-1A3956D46DE8}") = "PresentationLayer", "PresentationLayer", "{420FF2F2-8072-4DCA-BD9F-87065AEF95D7}"
EndProject
Project("{2150E333-8FDC-42A3-9474-1A3956D46DE8}") = "BusinessLayer", "BusinessLayer", "{98CD0FE7-0CA8-4BF8-8C78-A6115218DAE0}"
EndProject
Project("{2150E333-8FDC-42A3-9474-1A3956D46DE8}") = "DataAccessLayer", "DataAccessLayer", "{8199B224-8FF8-46B6-873F-1BA2D2669BE4}"
EndProject
Project("{2150E333-8FDC-42A3-9474-1A3956D46DE8}") = "DomainLayer", "DomainLayer", "{F2CF3024-0E44-442B-8B52-88FAEE6BDD5D}"
EndProject
Project("{FAE04EC0-301F-11D3-BF4B-00C04F79EFBC}") = "ProgrammingInCSharp0502.Business", "ProgrammingInCSharp0502.Business\ProgrammingInCSharp0502.Business.csproj", "{990A8755-EA8B-4058-A018-16DB0502FC5B}"
EndProject
Project("{FAE04EC0-301F-11D3-BF4B-00C04F79EFBC}") = "ProgrammingInCSharp0502.DAL", "ProgrammingInCSharp0502.DAL\ProgrammingInCSharp0502.DAL.csproj", "{AB77566E-D0C3-4CBA-B35C-AD7F92B321C8}"
EndProject
Project("{FAE04EC0-301F-11D3-BF4B-00C04F79EFBC}") = "ProgrammingInCSharp0502.Domain", "ProgrammingInCSharp0502.Domain\ProgrammingInCSharp0502.Domain.csproj", "{4DE06C3E-061B-450D-BFFF-35BDD30E2DC8}"
EndProject
Global
	GlobalSection(SolutionConfigurationPlatforms) = preSolution
		Debug|Any CPU = Debug|Any CPU
		Release|Any CPU = Release|Any CPU
	EndGlobalSection
	GlobalSection(ProjectConfigurationPlatforms) = postSolution
		{27EB736E-A13A-4436-8F4F-CE0ADC16FF4D}.Debug|Any CPU.ActiveCfg = Debug|Any CPU
		{27EB736E-A13A-4436-8F4F-CE0ADC16FF4D}.Debug|Any CPU.Build.0 = Debug|Any CPU
		{27EB736E-A13A-4436-8F4F-CE0ADC16FF4D}.Release|Any CPU.ActiveCfg = Release|Any CPU
		{27EB736E-A13A-4436-8F4F-CE0ADC16FF4D}.Release|Any CPU.Build.0 = Release|Any CPU
		{81CCD07C-CFFB-47C4-A37F-BC812D987E94}.Debug|Any CPU.ActiveCfg = Debug|Any CPU
		{81CCD07C-CFFB-47C4-A37F-BC812D987E94}.Debug|Any CPU.Build.0 = Debug|Any CPU
		{81CCD07C-CFFB-47C4-A37F-BC812D987E94}.Release|Any CPU.ActiveCfg = Release|Any CPU
		{81CCD07C-CFFB-47C4-A37F-BC812D987E94}.Release|Any CPU.Build.0 = Release|Any CPU
		{990A8755-EA8B-4058-A018-16DB0502FC5B}.Debug|Any CPU.ActiveCfg = Debug|Any CPU
		{990A8755-EA8B-4058-A018-16DB0502FC5B}.Debug|Any CPU.Build.0 = Debug|Any CPU
		{990A8755-EA8B-4058-A018-16DB0502FC5B}.Release|Any CPU.ActiveCfg = Release|Any CPU
		{990A8755-EA8B-4058-A018-16DB0502FC5B}.Release|Any CPU.Build.0 = Release|Any CPU
		{AB77566E-D0C3-4CBA-B35C-AD7F92B321C8}.Debug|Any CPU.ActiveCfg = Debug|Any CPU
		{AB77566E-D0C3-4CBA-B35C-AD7F92B321C8}.Debug|Any CPU.Build.0 = Debug|Any CPU
		{AB77566E-D0C3-4CBA-B35C-AD7F92B321C8}.Release|Any CPU.ActiveCfg = Release|Any CPU
		{AB77566E-D0C3-4CBA-B35C-AD7F92B321C8}.Release|Any CPU.Build.0 = Release|Any CPU
		{4DE06C3E-061B-450D-BFFF-35BDD30E2DC8}.Debug|Any CPU.ActiveCfg = Debug|Any CPU
		{4DE06C3E-061B-450D-BFFF-35BDD30E2DC8}.Debug|Any CPU.Build.0 = Debug|Any CPU
		{4DE06C3E-061B-450D-BFFF-35BDD30E2DC8}.Release|Any CPU.ActiveCfg = Release|Any CPU
		{4DE06C3E-061B-450D-BFFF-35BDD30E2DC8}.Release|Any CPU.Build.0 = Release|Any CPU
	EndGlobalSection
	GlobalSection(SolutionProperties) = preSolution
		HideSolutionNode = FALSE
	EndGlobalSection
	GlobalSection(NestedProjects) = preSolution
		{27EB736E-A13A-4436-8F4F-CE0ADC16FF4D} = {420FF2F2-8072-4DCA-BD9F-87065AEF95D7}
		{81CCD07C-CFFB-47C4-A37F-BC812D987E94} = {420FF2F2-8072-4DCA-BD9F-87065AEF95D7}
		{420FF2F2-8072-4DCA-BD9F-87065AEF95D7} = {F83418D7-867E-4F34-8831-A1B4DFB1FE54}
		{98CD0FE7-0CA8-4BF8-8C78-A6115218DAE0} = {F83418D7-867E-4F34-8831-A1B4DFB1FE54}
		{8199B224-8FF8-46B6-873F-1BA2D2669BE4} = {F83418D7-867E-4F34-8831-A1B4DFB1FE54}
		{F2CF3024-0E44-442B-8B52-88FAEE6BDD5D} = {F83418D7-867E-4F34-8831-A1B4DFB1FE54}
		{990A8755-EA8B-4058-A018-16DB0502FC5B} = {98CD0FE7-0CA8-4BF8-8C78-A6115218DAE0}
		{AB77566E-D0C3-4CBA-B35C-AD7F92B321C8} = {8199B224-8FF8-46B6-873F-1BA2D2669BE4}
		{4DE06C3E-061B-450D-BFFF-35BDD30E2DC8} = {F2CF3024-0E44-442B-8B52-88FAEE6BDD5D}
	EndGlobalSection
	GlobalSection(ExtensibilityGlobals) = postSolution
		SolutionGuid = {DDEA10CA-1EDB-48EF-AA27-8D2864F395B5}
	EndGlobalSection
EndGlobal
